
Microsoft Visual Studio Solution File, Format Version 12.00
# Visual Studio Version 16
VisualStudioVersion = 16.0.30611.23
MinimumVisualStudioVersion = 10.0.40219.1
Project("{9A19103F-16F7-4668-BE54-9A1E7A4F7556}") = "CensusAnalyserLive", "CensusAnalyserLive.csproj", "{4F189BCF-C11F-441F-8920-19E77E327FAD}"
EndProject
Project("{FAE04EC0-301F-11D3-BF4B-00C04F79EFBC}") = "CensusAnalyserTestLive", "..\CensusAnalyserTestLive\CensusAnalyserTestLive.csproj", "{A6D58B65-F4D1-4B6F-A9B9-7409AECDA229}"
EndProject
Global
	GlobalSection(SolutionConfigurationPlatforms) = preSolution
		Debug|Any CPU = Debug|Any CPU
		Release|Any CPU = Release|Any CPU
	EndGlobalSection
	GlobalSection(ProjectConfigurationPlatforms) = postSolution
		{4F189BCF-C11F-441F-8920-19E77E327FAD}.Debug|Any CPU.ActiveCfg = Debug|Any CPU
		{4F189BCF-C11F-441F-8920-19E77E327FAD}.Debug|Any CPU.Build.0 = Debug|Any CPU
		{4F189BCF-C11F-441F-8920-19E77E327FAD}.Release|Any CPU.ActiveCfg = Release|Any CPU
		{4F189BCF-C11F-441F-8920-19E77E327FAD}.Release|Any CPU.Build.0 = Release|Any CPU
		{A6D58B65-F4D1-4B6F-A9B9-7409AECDA229}.Debug|Any CPU.ActiveCfg = Debug|Any CPU
		{A6D58B65-F4D1-4B6F-A9B9-7409AECDA229}.Debug|Any CPU.Build.0 = Debug|Any CPU
		{A6D58B65-F4D1-4B6F-A9B9-7409AECDA229}.Release|Any CPU.ActiveCfg = Release|Any CPU
		{A6D58B65-F4D1-4B6F-A9B9-7409AECDA229}.Release|Any CPU.Build.0 = Release|Any CPU
	EndGlobalSection
	GlobalSection(SolutionProperties) = preSolution
		HideSolutionNode = FALSE
	EndGlobalSection
	GlobalSection(ExtensibilityGlobals) = postSolution
		SolutionGuid = {5E4E2892-6A4A-4FF7-9BC0-45E231495394}
	EndGlobalSection
EndGlobal
